
Microsoft Visual Studio Solution File, Format Version 12.00
# Visual Studio Version 17
VisualStudioVersion = 17.11.35208.52
MinimumVisualStudioVersion = 10.0.40219.1
Project("{FAE04EC0-301F-11D3-BF4B-00C04F79EFBC}") = "SpectatePro", "SpectatePro\SpectatePro.csproj", "{177C46FD-DEB9-41F9-BDAA-6B3AD2E825D0}"
EndProject
Global
	GlobalSection(SolutionConfigurationPlatforms) = preSolution
		Debug|Any CPU = Debug|Any CPU
		Release|Any CPU = Release|Any CPU
	EndGlobalSection
	GlobalSection(ProjectConfigurationPlatforms) = postSolution
		{177C46FD-DEB9-41F9-BDAA-6B3AD2E825D0}.Debug|Any CPU.ActiveCfg = Debug|Any CPU
		{177C46FD-DEB9-41F9-BDAA-6B3AD2E825D0}.Debug|Any CPU.Build.0 = Debug|Any CPU
		{177C46FD-DEB9-41F9-BDAA-6B3AD2E825D0}.Release|Any CPU.ActiveCfg = Release|Any CPU
		{177C46FD-DEB9-41F9-BDAA-6B3AD2E825D0}.Release|Any CPU.Build.0 = Release|Any CPU
	EndGlobalSection
	GlobalSection(SolutionProperties) = preSolution
		HideSolutionNode = FALSE
	EndGlobalSection
	GlobalSection(ExtensibilityGlobals) = postSolution
		SolutionGuid = {170FA9EA-FAD6-41D1-AA9E-FF890FB6EC2D}
	EndGlobalSection
EndGlobal
